# This file is autogenerated, do not edit; changes may be undone by the next 'dep ensure'.


[[projects]]
  branch = "master"
  name = "github.com/alecthomas/template"
  packages = [".","parse"]
  revision = "a0175ee3bccc567396460bf5acd36800cb10c49c"

[[projects]]
  branch = "master"
  name = "github.com/alecthomas/units"
  packages = ["."]
  revision = "2efee857e7cfd4f3d0138cc3cbb1b4966962b93a"

[[projects]]
  name = "github.com/beevik/etree"
  packages = ["."]
  revision = "15a30b44cfd6c5a16a7ddfe271bf146aaf2d3195"
  version = "v1.0.0"

[[projects]]
  branch = "master"
  name = "github.com/boombuler/barcode"
  packages = [".","qr","utils"]
  revision = "3cfea5ab600ae37946be2b763b8ec2c1cf2d272d"

[[projects]]
  name = "github.com/coreos/go-oidc"
  packages = ["jose"]
  revision = "e51edf2e47e65e5708600d4da6fca1388ee437b4"
  source = "github.com/gravitational/go-oidc"
  version = "v0.0.1"

[[projects]]
  name = "github.com/ghodss/yaml"
  packages = ["."]
  revision = "0ca9ea5df5451ffdf184b4428c902747c2c11cd7"
  version = "v1.0.0"

[[projects]]
  branch = "master"
  name = "github.com/gokyle/hotp"
  packages = ["."]
  revision = "c180d57d286b385101c999a60087a40d7f48fc77"

[[projects]]
  branch = "master"
  name = "github.com/gravitational/configure"
  packages = ["cstrings","jsonschema"]
  revision = "4e0f2df8846ee9557b5c88307a769ff2f85e89cd"

[[projects]]
  branch = "master"
  name = "github.com/gravitational/kingpin"
  packages = ["."]
  revision = "52bc17adf63c0807b5e5b5d91350703630f621c7"

[[projects]]
  name = "github.com/gravitational/roundtrip"
  packages = ["."]
  revision = "ad87871f2c4d31b9bef3f3c6224c3f5e50d0bac1"
  version = "0.0.2"

[[projects]]
  name = "github.com/gravitational/teleport"
  packages = [".","lib","lib/auth/native","lib/defaults","lib/httplib","lib/httplib/csrf","lib/limiter","lib/services","lib/sshutils","lib/utils","lib/utils/parse"]
  revision = "bc8dba65488798341acec7e6b71d52eae1301dbd"
  version = "v2.3.5"

[[projects]]
  name = "github.com/gravitational/trace"
  packages = ["."]
  revision = "77f42dab0785f2fa2923c08cba5c37dec0687572"
  version = "1.1.2"

[[projects]]
  name = "github.com/jonboulle/clockwork"
  packages = ["."]
  revision = "2eee05ed794112d45db504eb05aa693efd2b8b09"
  version = "v0.1.0"

[[projects]]
  name = "github.com/julienschmidt/httprouter"
  packages = ["."]
  revision = "8c199fb6259ffc1af525cc3ad52ee60ba8359669"
  version = "v1.1"

[[projects]]
  branch = "master"
  name = "github.com/mailgun/minheap"
  packages = ["."]
  revision = "3dbe6c6bf55f94c5efcf460dc7f86830c21a90b2"

[[projects]]
  branch = "master"
  name = "github.com/mailgun/timetools"
  packages = ["."]
  revision = "f3a7b8ffff474320c4f5cc564c9abb2c52ded8bc"

[[projects]]
  branch = "master"
  name = "github.com/mailgun/ttlmap"
  packages = ["."]
  revision = "c1c17f74874f2a5ea48bfb06b5459d4ef2689749"

[[projects]]
  branch = "master"
  name = "github.com/mdp/rsc"
  packages = ["gf256","qr","qr/coding"]
  revision = "90f07065088deccf50b28eb37c93dad3078c0f3c"

[[projects]]
  name = "github.com/pborman/uuid"
  packages = ["."]
  revision = "e790cca94e6cc75c7064b1332e63811d4aae1a53"
  version = "v1.1"

[[projects]]
  name = "github.com/pquerna/otp"
  packages = ["."]
  revision = "b7b89250c468c06871d3837bee02e2d5c155ae19"
  version = "v1.0.0"

[[projects]]
  name = "github.com/russellhaering/gosaml2"
  packages = [".","types"]
  revision = "8908227c114abe0b63b1f0606abae72d11bf632a"

[[projects]]
  branch = "master"
  name = "github.com/russellhaering/goxmldsig"
  packages = [".","etreeutils","types"]
  revision = "b7efc6231e45b10bfd779852831c8bb59b350ec5"

[[projects]]
  name = "github.com/satori/go.uuid"
  packages = ["."]
  revision = "879c5887cd475cd7864858769793b2ceb0d44feb"
  version = "v1.1.0"

[[projects]]
  name = "github.com/sirupsen/logrus"
  packages = [".","hooks/syslog"]
  revision = "e340a662ee7a1b9e3f6675182abed99b892189d6"
  source = "github.com/gravitational/logrus"

[[projects]]
  branch = "master"
  name = "github.com/tstranex/u2f"
  packages = ["."]
  revision = "c46b9c6b15141e1c75d096258e560996b68ef8cb"

[[projects]]
  branch = "master"
  name = "github.com/vulcand/oxy"
  packages = ["connlimit","ratelimit","utils"]
  revision = "d04b87a836cff74fd8e9d2ae8cf4cda09910d000"

[[projects]]
  name = "github.com/vulcand/predicate"
  packages = ["."]
  revision = "939c094524d124c55fa8afe0e077701db4a865e2"
  version = "v1.0.0"

[[projects]]
  branch = "master"
  name = "github.com/xeipuuv/gojsonpointer"
  packages = ["."]
  revision = "6fe8760cad3569743d51ddbb243b26f8456742dc"

[[projects]]
  branch = "master"
  name = "github.com/xeipuuv/gojsonreference"
  packages = ["."]
  revision = "e02fc20de94c78484cd5ffb007f8af96be030a45"

[[projects]]
  branch = "master"
  name = "github.com/xeipuuv/gojsonschema"
  packages = ["."]
  revision = "212d8a0df7acfab8bdd190a7a69f0ab7376edcc8"

[[projects]]
  branch = "master"
  name = "golang.org/x/crypto"
  packages = ["curve25519","ed25519","ed25519/internal/edwards25519","ssh"]
  revision = "687d4b818545e443c8ba223cbef20b1721afd4db"

[[projects]]
  branch = "master"
  name = "golang.org/x/net"
  packages = ["context","websocket"]
  revision = "a337091b0525af65de94df2eb7e98bd9962dcbe2"

[[projects]]
  branch = "master"
  name = "golang.org/x/sys"
  packages = ["unix"]
  revision = "75813c647272dd855bda156405bf844a5414f5bf"

[[projects]]
  branch = "master"
  name = "golang.org/x/text"
  packages = ["encoding","encoding/internal","encoding/internal/identifier","encoding/unicode","internal/gen","internal/utf8internal","runes","transform","unicode/cldr"]
  revision = "88f656faf3f37f690df1a32515b479415e1a6769"

[[projects]]
  branch = "v2"
  name = "gopkg.in/mgo.v2"
  packages = ["bson","internal/json"]
  revision = "3f83fa5005286a7fe593b055f0d7771a7dce4655"

[[projects]]
  branch = "v2"
  name = "gopkg.in/yaml.v2"
  packages = ["."]
  revision = "eb3733d160e74a9c7e442f435eb3bea458e1d19f"

[solve-meta]
  analyzer-name = "dep"
  analyzer-version = 1
  inputs-digest = "c6782b421487bd656b26978a8310ad59a83bb182942533278fbe2600513502a9"
  solver-name = "gps-cdcl"
  solver-version = 1
